
Microsoft Visual Studio Solution File, Format Version 12.00
# Visual Studio Version 17
VisualStudioVersion = 17.0.31903.59
MinimumVisualStudioVersion = 10.0.40219.1
Project("{FAE04EC0-301F-11D3-BF4B-00C04F79EFBC}") = "Domain", "Domain\Domain.csproj", "{E01F3C35-2487-44C2-9044-28D4F763FD0D}"
EndProject
Project("{FAE04EC0-301F-11D3-BF4B-00C04F79EFBC}") = "Persistence", "Persistence\Persistence.csproj", "{7CF9146B-6C2D-4F46-8930-7A1C9C91E798}"
EndProject
Project("{FAE04EC0-301F-11D3-BF4B-00C04F79EFBC}") = "Application", "Application\Application.csproj", "{10946B03-459B-4738-A851-28E21F08E80F}"
EndProject
Project("{FAE04EC0-301F-11D3-BF4B-00C04F79EFBC}") = "API", "API\API.csproj", "{C0B0BABC-4C18-489B-A754-7A729E6776C3}"
EndProject
Global
	GlobalSection(SolutionConfigurationPlatforms) = preSolution
		Debug|Any CPU = Debug|Any CPU
		Release|Any CPU = Release|Any CPU
	EndGlobalSection
	GlobalSection(SolutionProperties) = preSolution
		HideSolutionNode = FALSE
	EndGlobalSection
	GlobalSection(ProjectConfigurationPlatforms) = postSolution
		{E01F3C35-2487-44C2-9044-28D4F763FD0D}.Debug|Any CPU.ActiveCfg = Debug|Any CPU
		{E01F3C35-2487-44C2-9044-28D4F763FD0D}.Debug|Any CPU.Build.0 = Debug|Any CPU
		{E01F3C35-2487-44C2-9044-28D4F763FD0D}.Release|Any CPU.ActiveCfg = Release|Any CPU
		{E01F3C35-2487-44C2-9044-28D4F763FD0D}.Release|Any CPU.Build.0 = Release|Any CPU
		{7CF9146B-6C2D-4F46-8930-7A1C9C91E798}.Debug|Any CPU.ActiveCfg = Debug|Any CPU
		{7CF9146B-6C2D-4F46-8930-7A1C9C91E798}.Debug|Any CPU.Build.0 = Debug|Any CPU
		{7CF9146B-6C2D-4F46-8930-7A1C9C91E798}.Release|Any CPU.ActiveCfg = Release|Any CPU
		{7CF9146B-6C2D-4F46-8930-7A1C9C91E798}.Release|Any CPU.Build.0 = Release|Any CPU
		{10946B03-459B-4738-A851-28E21F08E80F}.Debug|Any CPU.ActiveCfg = Debug|Any CPU
		{10946B03-459B-4738-A851-28E21F08E80F}.Debug|Any CPU.Build.0 = Debug|Any CPU
		{10946B03-459B-4738-A851-28E21F08E80F}.Release|Any CPU.ActiveCfg = Release|Any CPU
		{10946B03-459B-4738-A851-28E21F08E80F}.Release|Any CPU.Build.0 = Release|Any CPU
		{C0B0BABC-4C18-489B-A754-7A729E6776C3}.Debug|Any CPU.ActiveCfg = Debug|Any CPU
		{C0B0BABC-4C18-489B-A754-7A729E6776C3}.Debug|Any CPU.Build.0 = Debug|Any CPU
		{C0B0BABC-4C18-489B-A754-7A729E6776C3}.Release|Any CPU.ActiveCfg = Release|Any CPU
		{C0B0BABC-4C18-489B-A754-7A729E6776C3}.Release|Any CPU.Build.0 = Release|Any CPU
	EndGlobalSection
EndGlobal
